# This file is automatically @generated by Cargo.
# It is not intended for manual editing.
version = 4

[[package]]
name = "taiko_audio"
version = "0.1.0"

[[package]]
name = "taiko_chart"
version = "0.1.0"

[[package]]
name = "taiko_cli"
version = "0.1.0"
dependencies = [
 "taiko_chart",
 "taiko_runtime",
 "taiko_test_support",
 "taiko_timing",
]

[[package]]
name = "taiko_domain"
version = "0.1.0"

[[package]]
name = "taiko_render"
version = "0.1.0"

[[package]]
name = "taiko_runtime"
version = "0.1.0"
dependencies = [
 "taiko_chart",
]

[[package]]
name = "taiko_test_support"
version = "0.1.0"

[[package]]
name = "taiko_timing"
version = "0.1.0"
